// !$*UTF8*$!
{
	archiveVersion = 1;
	classes = {
	};
	objectVersion = 77;
	objects = {

/* Begin PBXBuildFile section */
		76CC31522F21355D00F1507F /* KickbaseCore in Frameworks */ = {isa = PBXBuildFile; productRef = 76CC31512F21355D00F1507F /* KickbaseCore */; };
/* End PBXBuildFile section */

/* Begin PBXContainerItemProxy section */
		764B95D52E5F54980054DB00 /* PBXContainerItemProxy */ = {
			isa = PBXContainerItemProxy;
			containerPortal = 764B95BB2E5F54970054DB00 /* Project object */;
			proxyType = 1;
			remoteGlobalIDString = 764B95C22E5F54970054DB00;
			remoteInfo = Kickbasehelper;
		};
		764B95DF2E5F54980054DB00 /* PBXContainerItemProxy */ = {
			isa = PBXContainerItemProxy;
			containerPortal = 764B95BB2E5F54970054DB00 /* Project object */;
			proxyType = 1;
			remoteGlobalIDString = 764B95C22E5F54970054DB00;
			remoteInfo = Kickbasehelper;
		};
/* End PBXContainerItemProxy section */

/* Begin PBXFileReference section */
		764B95C32E5F54970054DB00 /* Kickbasehelper.app */ = {isa = PBXFileReference; explicitFileType = wrapper.application; includeInIndex = 0; path = Kickbasehelper.app; sourceTree = BUILT_PRODUCTS_DIR; };
		764B95D42E5F54980054DB00 /* KickbasehelperTests.xctest */ = {isa = PBXFileReference; explicitFileType = wrapper.cfbundle; includeInIndex = 0; path = KickbasehelperTests.xctest; sourceTree = BUILT_PRODUCTS_DIR; };
		764B95DE2E5F54980054DB00 /* KickbasehelperUITests.xctest */ = {isa = PBXFileReference; explicitFileType = wrapper.cfbundle; includeInIndex = 0; path = KickbasehelperUITests.xctest; sourceTree = BUILT_PRODUCTS_DIR; };
		76CC314F2F212D9E00F1507F /* KickbaseCore */ = {isa = PBXFileReference; lastKnownFileType = wrapper; path = KickbaseCore; sourceTree = "<group>"; };
/* End PBXFileReference section */

/* Begin PBXFileSystemSynchronizedBuildFileExceptionSet section */
		764B95E62E5F54980054DB00 /* Exceptions for "Kickbasehelper" folder in "Kickbasehelper" target */ = {
			isa = PBXFileSystemSynchronizedBuildFileExceptionSet;
			membershipExceptions = (
				Info.plist,
			);
			target = 764B95C22E5F54970054DB00 /* Kickbasehelper */;
		};
/* End PBXFileSystemSynchronizedBuildFileExceptionSet section */

/* Begin PBXFileSystemSynchronizedRootGroup section */
		764B95C52E5F54970054DB00 /* Kickbasehelper */ = {
			isa = PBXFileSystemSynchronizedRootGroup;
			exceptions = (
				764B95E62E5F54980054DB00 /* Exceptions for "Kickbasehelper" folder in "Kickbasehelper" target */,
			);
			path = Kickbasehelper;
			sourceTree = "<group>";
		};
		764B95D72E5F54980054DB00 /* KickbasehelperTests */ = {
			isa = PBXFileSystemSynchronizedRootGroup;
			path = KickbasehelperTests;
			sourceTree = "<group>";
		};
		764B95E12E5F54980054DB00 /* KickbasehelperUITests */ = {
			isa = PBXFileSystemSynchronizedRootGroup;
			path = KickbasehelperUITests;
			sourceTree = "<group>";
		};
/* End PBXFileSystemSynchronizedRootGroup section */

/* Begin PBXFrameworksBuildPhase section */
		764B95C02E5F54970054DB00 /* Frameworks */ = {
			isa = PBXFrameworksBuildPhase;
			buildActionMask = 2147483647;
			files = (
				76CC31522F21355D00F1507F /* KickbaseCore in Frameworks */,
			);
			runOnlyForDeploymentPostprocessing = 0;
		};
		764B95D12E5F54980054DB00 /* Frameworks */ = {
			isa = PBXFrameworksBuildPhase;
			buildActionMask = 2147483647;
			files = (
			);
			runOnlyForDeploymentPostprocessing = 0;
		};
		764B95DB2E5F54980054DB00 /* Frameworks */ = {
			isa = PBXFrameworksBuildPhase;
			buildActionMask = 2147483647;
			files = (
			);
			runOnlyForDeploymentPostprocessing = 0;
		};
/* End PBXFrameworksBuildPhase section */

/* Begin PBXGroup section */
		764B95BA2E5F54970054DB00 = {
			isa = PBXGroup;
			children = (
				764B95C52E5F54970054DB00 /* Kickbasehelper */,
				764B95D72E5F54980054DB00 /* KickbasehelperTests */,
				764B95E12E5F54980054DB00 /* KickbasehelperUITests */,
				764B95C42E5F54970054DB00 /* Products */,
				76CC314F2F212D9E00F1507F /* KickbaseCore */,
				76CC31502F21355D00F1507F /* Frameworks */,
			);
			sourceTree = "<group>";
		};
		764B95C42E5F54970054DB00 /* Products */ = {
			isa = PBXGroup;
			children = (
				764B95C32E5F54970054DB00 /* Kickbasehelper.app */,
				764B95D42E5F54980054DB00 /* KickbasehelperTests.xctest */,
				764B95DE2E5F54980054DB00 /* KickbasehelperUITests.xctest */,
			);
			name = Products;
			sourceTree = "<group>";
		};
		76CC31502F21355D00F1507F /* Frameworks */ = {
			isa = PBXGroup;
			children = (
			);
			name = Frameworks;
			sourceTree = "<group>";
		};
/* End PBXGroup section */

/* Begin PBXNativeTarget section */
		764B95C22E5F54970054DB00 /* Kickbasehelper */ = {
			isa = PBXNativeTarget;
			buildConfigurationList = 764B95E72E5F54980054DB00 /* Build configuration list for PBXNativeTarget "Kickbasehelper" */;
			buildPhases = (
				764B95BF2E5F54970054DB00 /* Sources */,
				764B95C02E5F54970054DB00 /* Frameworks */,
				764B95C12E5F54970054DB00 /* Resources */,
			);
			buildRules = (
			);
			dependencies = (
			);
			fileSystemSynchronizedGroups = (
				764B95C52E5F54970054DB00 /* Kickbasehelper */,
			);
			name = Kickbasehelper;
			packageProductDependencies = (
				76CC31512F21355D00F1507F /* KickbaseCore */,
			);
			productName = Kickbasehelper;
			productReference = 764B95C32E5F54970054DB00 /* Kickbasehelper.app */;
			productType = "com.apple.product-type.application";
		};
		764B95D32E5F54980054DB00 /* KickbasehelperTests */ = {
			isa = PBXNativeTarget;
			buildConfigurationList = 764B95EC2E5F54990054DB00 /* Build configuration list for PBXNativeTarget "KickbasehelperTests" */;
			buildPhases = (
				764B95D02E5F54980054DB00 /* Sources */,
				764B95D12E5F54980054DB00 /* Frameworks */,
				764B95D22E5F54980054DB00 /* Resources */,
			);
			buildRules = (
			);
			dependencies = (
				764B95D62E5F54980054DB00 /* PBXTargetDependency */,
			);
			fileSystemSynchronizedGroups = (
				764B95D72E5F54980054DB00 /* KickbasehelperTests */,
			);
			name = KickbasehelperTests;
			packageProductDependencies = (
			);
			productName = KickbasehelperTests;
			productReference = 764B95D42E5F54980054DB00 /* KickbasehelperTests.xctest */;
			productType = "com.apple.product-type.bundle.unit-test";
		};
		764B95DD2E5F54980054DB00 /* KickbasehelperUITests */ = {
			isa = PBXNativeTarget;
			buildConfigurationList = 764B95EF2E5F54990054DB00 /* Build configuration list for PBXNativeTarget "KickbasehelperUITests" */;
			buildPhases = (
				764B95DA2E5F54980054DB00 /* Sources */,
				764B95DB2E5F54980054DB00 /* Frameworks */,
				764B95DC2E5F54980054DB00 /* Resources */,
			);
			buildRules = (
			);
			dependencies = (
				764B95E02E5F54980054DB00 /* PBXTargetDependency */,
			);
			fileSystemSynchronizedGroups = (
				764B95E12E5F54980054DB00 /* KickbasehelperUITests */,
			);
			name = KickbasehelperUITests;
			packageProductDependencies = (
			);
			productName = KickbasehelperUITests;
			productReference = 764B95DE2E5F54980054DB00 /* KickbasehelperUITests.xctest */;
			productType = "com.apple.product-type.bundle.ui-testing";
		};
/* End PBXNativeTarget section */

/* Begin PBXProject section */
		764B95BB2E5F54970054DB00 /* Project object */ = {
			isa = PBXProject;
			attributes = {
				BuildIndependentTargetsInParallel = 1;
				LastSwiftUpdateCheck = 1640;
				LastUpgradeCheck = 1640;
				TargetAttributes = {
					764B95C22E5F54970054DB00 = {
						CreatedOnToolsVersion = 16.4;
					};
					764B95D32E5F54980054DB00 = {
						CreatedOnToolsVersion = 16.4;
						TestTargetID = 764B95C22E5F54970054DB00;
					};
					764B95DD2E5F54980054DB00 = {
						CreatedOnToolsVersion = 16.4;
						TestTargetID = 764B95C22E5F54970054DB00;
					};
				};
			};
			buildConfigurationList = 764B95BE2E5F54970054DB00 /* Build configuration list for PBXProject "Kickbasehelper" */;
			developmentRegion = en;
			hasScannedForEncodings = 0;
			knownRegions = (
				en,
				Base,
			);
			mainGroup = 764B95BA2E5F54970054DB00;
			minimizedProjectReferenceProxies = 1;
			preferredProjectObjectVersion = 77;
			productRefGroup = 764B95C42E5F54970054DB00 /* Products */;
			projectDirPath = "";
			projectRoot = "";
			targets = (
				764B95C22E5F54970054DB00 /* Kickbasehelper */,
				764B95D32E5F54980054DB00 /* KickbasehelperTests */,
				764B95DD2E5F54980054DB00 /* KickbasehelperUITests */,
			);
		};
/* End PBXProject section */

/* Begin PBXResourcesBuildPhase section */
		764B95C12E5F54970054DB00 /* Resources */ = {
			isa = PBXResourcesBuildPhase;
			buildActionMask = 2147483647;
			files = (
			);
			runOnlyForDeploymentPostprocessing = 0;
		};
		764B95D22E5F54980054DB00 /* Resources */ = {
			isa = PBXResourcesBuildPhase;
			buildActionMask = 2147483647;
			files = (
			);
			runOnlyForDeploymentPostprocessing = 0;
		};
		764B95DC2E5F54980054DB00 /* Resources */ = {
			isa = PBXResourcesBuildPhase;
			buildActionMask = 2147483647;
			files = (
			);
			runOnlyForDeploymentPostprocessing = 0;
		};
/* End PBXResourcesBuildPhase section */

/* Begin PBXSourcesBuildPhase section */
		764B95BF2E5F54970054DB00 /* Sources */ = {
			isa = PBXSourcesBuildPhase;
			buildActionMask = 2147483647;
			files = (
			);
			runOnlyForDeploymentPostprocessing = 0;
		};
		764B95D02E5F54980054DB00 /* Sources */ = {
			isa = PBXSourcesBuildPhase;
			buildActionMask = 2147483647;
			files = (
			);
			runOnlyForDeploymentPostprocessing = 0;
		};
		764B95DA2E5F54980054DB00 /* Sources */ = {
			isa = PBXSourcesBuildPhase;
			buildActionMask = 2147483647;
			files = (
			);
			runOnlyForDeploymentPostprocessing = 0;
		};
/* End PBXSourcesBuildPhase section */

/* Begin PBXTargetDependency section */
		764B95D62E5F54980054DB00 /* PBXTargetDependency */ = {
			isa = PBXTargetDependency;
			target = 764B95C22E5F54970054DB00 /* Kickbasehelper */;
			targetProxy = 764B95D52E5F54980054DB00 /* PBXContainerItemProxy */;
		};
		764B95E02E5F54980054DB00 /* PBXTargetDependency */ = {
			isa = PBXTargetDependency;
			target = 764B95C22E5F54970054DB00 /* Kickbasehelper */;
			targetProxy = 764B95DF2E5F54980054DB00 /* PBXContainerItemProxy */;
		};
/* End PBXTargetDependency section */

/* Begin XCBuildConfiguration section */
		764B95E82E5F54980054DB00 /* Debug */ = {
			isa = XCBuildConfiguration;
			buildSettings = {
				ASSETCATALOG_COMPILER_APPICON_NAME = AppIcon;
				ASSETCATALOG_COMPILER_GLOBAL_ACCENT_COLOR_NAME = AccentColor;
				CODE_SIGN_ENTITLEMENTS = Kickbasehelper/Kickbasehelper.entitlements;
				CODE_SIGN_STYLE = Automatic;
				CURRENT_PROJECT_VERSION = 1;
				DEVELOPMENT_TEAM = 894UP99QHD;
				ENABLE_PREVIEWS = YES;
				GENERATE_INFOPLIST_FILE = YES;
				INFOPLIST_FILE = Kickbasehelper/Info.plist;
				INFOPLIST_KEY_LSApplicationCategoryType = "public.app-category.sports-games";
				INFOPLIST_KEY_UIApplicationSceneManifest_Generation = YES;
				INFOPLIST_KEY_UIApplicationSupportsIndirectInputEvents = YES;
				INFOPLIST_KEY_UILaunchScreen_Generation = YES;
				INFOPLIST_KEY_UISupportedInterfaceOrientations_iPad = "UIInterfaceOrientationPortrait UIInterfaceOrientationPortraitUpsideDown UIInterfaceOrientationLandscapeLeft UIInterfaceOrientationLandscapeRight";
				INFOPLIST_KEY_UISupportedInterfaceOrientations_iPhone = "UIInterfaceOrientationPortrait UIInterfaceOrientationLandscapeLeft UIInterfaceOrientationLandscapeRight";
				LD_RUNPATH_SEARCH_PATHS = (
					"$(inherited)",
					"@executable_path/Frameworks",
				);
				MARKETING_VERSION = 1.0;
				PRODUCT_BUNDLE_IDENTIFIER = de.corro.Kickbasehelper;
				PRODUCT_NAME = "$(TARGET_NAME)";
				SWIFT_EMIT_LOC_STRINGS = YES;
				SWIFT_VERSION = 5.0;
				TARGETED_DEVICE_FAMILY = "1,2";
			};
			name = Debug;
		};
		764B95E92E5F54980054DB00 /* Release */ = {
			isa = XCBuildConfiguration;
			buildSettings = {
				ASSETCATALOG_COMPILER_APPICON_NAME = AppIcon;
				ASSETCATALOG_COMPILER_GLOBAL_ACCENT_COLOR_NAME = AccentColor;
				CODE_SIGN_ENTITLEMENTS = Kickbasehelper/Kickbasehelper.entitlements;
				CODE_SIGN_STYLE = Automatic;
				CURRENT_PROJECT_VERSION = 1;
				DEVELOPMENT_TEAM = 894UP99QHD;
				ENABLE_PREVIEWS = YES;
				GENERATE_INFOPLIST_FILE = YES;
				INFOPLIST_FILE = Kickbasehelper/Info.plist;
				INFOPLIST_KEY_LSApplicationCategoryType = "public.app-category.sports-games";
				INFOPLIST_KEY_UIApplicationSceneManifest_Generation = YES;
				INFOPLIST_KEY_UIApplicationSupportsIndirectInputEvents = YES;
				INFOPLIST_KEY_UILaunchScreen_Generation = YES;
				INFOPLIST_KEY_UISupportedInterfaceOrientations_iPad = "UIInterfaceOrientationPortrait UIInterfaceOrientationPortraitUpsideDown UIInterfaceOrientationLandscapeLeft UIInterfaceOrientationLandscapeRight";
				INFOPLIST_KEY_UISupportedInterfaceOrientations_iPhone = "UIInterfaceOrientationPortrait UIInterfaceOrientationLandscapeLeft UIInterfaceOrientationLandscapeRight";
				LD_RUNPATH_SEARCH_PATHS = (
					"$(inherited)",
					"@executable_path/Frameworks",
				);
				MARKETING_VERSION = 1.0;
				PRODUCT_BUNDLE_IDENTIFIER = de.corro.Kickbasehelper;
				PRODUCT_NAME = "$(TARGET_NAME)";
				SWIFT_EMIT_LOC_STRINGS = YES;
				SWIFT_VERSION = 5.0;
				TARGETED_DEVICE_FAMILY = "1,2";
			};
			name = Release;
		};
		764B95EA2E5F54980054DB00 /* Debug */ = {
			isa = XCBuildConfiguration;
			buildSettings = {
				ALWAYS_SEARCH_USER_PATHS = NO;
				ASSETCATALOG_COMPILER_GENERATE_SWIFT_ASSET_SYMBOL_EXTENSIONS = YES;
				CLANG_ANALYZER_NONNULL = YES;
				CLANG_ANALYZER_NUMBER_OBJECT_CONVERSION = YES_AGGRESSIVE;
				CLANG_CXX_LANGUAGE_STANDARD = "gnu++20";
				CLANG_ENABLE_MODULES = YES;
				CLANG_ENABLE_OBJC_ARC = YES;
				CLANG_ENABLE_OBJC_WEAK = YES;
				CLANG_WARN_BLOCK_CAPTURE_AUTORELEASING = YES;
				CLANG_WARN_BOOL_CONVERSION = YES;
				CLANG_WARN_COMMA = YES;
				CLANG_WARN_CONSTANT_CONVERSION = YES;
				CLANG_WARN_DEPRECATED_OBJC_IMPLEMENTATIONS = YES;
				CLANG_WARN_DIRECT_OBJC_ISA_USAGE = YES_ERROR;
				CLANG_WARN_DOCUMENTATION_COMMENTS = YES;
				CLANG_WARN_EMPTY_BODY = YES;
				CLANG_WARN_ENUM_CONVERSION = YES;
				CLANG_WARN_INFINITE_RECURSION = YES;
				CLANG_WARN_INT_CONVERSION = YES;
				CLANG_WARN_NON_LITERAL_NULL_CONVERSION = YES;
				CLANG_WARN_OBJC_IMPLICIT_RETAIN_SELF = YES;
				CLANG_WARN_OBJC_LITERAL_CONVERSION = YES;
				CLANG_WARN_OBJC_ROOT_CLASS = YES_ERROR;
				CLANG_WARN_QUOTED_INCLUDE_IN_FRAMEWORK_HEADER = YES;
				CLANG_WARN_RANGE_LOOP_ANALYSIS = YES;
				CLANG_WARN_STRICT_PROTOTYPES = YES;
				CLANG_WARN_SUSPICIOUS_MOVE = YES;
				CLANG_WARN_UNGUARDED_AVAILABILITY = YES_AGGRESSIVE;
				CLANG_WARN_UNREACHABLE_CODE = YES;
				CLANG_WARN__DUPLICATE_METHOD_MATCH = YES;
				COPY_PHASE_STRIP = NO;
				DEBUG_INFORMATION_FORMAT = dwarf;
				DEVELOPMENT_TEAM = 894UP99QHD;
				ENABLE_STRICT_OBJC_MSGSEND = YES;
				ENABLE_TESTABILITY = YES;
				ENABLE_USER_SCRIPT_SANDBOXING = YES;
				GCC_C_LANGUAGE_STANDARD = gnu17;
				GCC_DYNAMIC_NO_PIC = NO;
				GCC_NO_COMMON_BLOCKS = YES;
				GCC_OPTIMIZATION_LEVEL = 0;
				GCC_PREPROCESSOR_DEFINITIONS = (
					"DEBUG=1",
					"$(inherited)",
				);
				GCC_WARN_64_TO_32_BIT_CONVERSION = YES;
				GCC_WARN_ABOUT_RETURN_TYPE = YES_ERROR;
				GCC_WARN_UNDECLARED_SELECTOR = YES;
				GCC_WARN_UNINITIALIZED_AUTOS = YES_AGGRESSIVE;
				GCC_WARN_UNUSED_FUNCTION = YES;
				GCC_WARN_UNUSED_VARIABLE = YES;
				IPHONEOS_DEPLOYMENT_TARGET = 17.7;
				LOCALIZATION_PREFERS_STRING_CATALOGS = YES;
				MTL_ENABLE_DEBUG_INFO = INCLUDE_SOURCE;
				MTL_FAST_MATH = YES;
				ONLY_ACTIVE_ARCH = YES;
				SDKROOT = iphoneos;
				SWIFT_ACTIVE_COMPILATION_CONDITIONS = "DEBUG $(inherited)";
				SWIFT_OPTIMIZATION_LEVEL = "-Onone";
			};
			name = Debug;
		};
		764B95EB2E5F54980054DB00 /* Release */ = {
			isa = XCBuildConfiguration;
			buildSettings = {
				ALWAYS_SEARCH_USER_PATHS = NO;
				ASSETCATALOG_COMPILER_GENERATE_SWIFT_ASSET_SYMBOL_EXTENSIONS = YES;
				CLANG_ANALYZER_NONNULL = YES;
				CLANG_ANALYZER_NUMBER_OBJECT_CONVERSION = YES_AGGRESSIVE;
				CLANG_CXX_LANGUAGE_STANDARD = "gnu++20";
				CLANG_ENABLE_MODULES = YES;
				CLANG_ENABLE_OBJC_ARC = YES;
				CLANG_ENABLE_OBJC_WEAK = YES;
				CLANG_WARN_BLOCK_CAPTURE_AUTORELEASING = YES;
				CLANG_WARN_BOOL_CONVERSION = YES;
				CLANG_WARN_COMMA = YES;
				CLANG_WARN_CONSTANT_CONVERSION = YES;
				CLANG_WARN_DEPRECATED_OBJC_IMPLEMENTATIONS = YES;
				CLANG_WARN_DIRECT_OBJC_ISA_USAGE = YES_ERROR;
				CLANG_WARN_DOCUMENTATION_COMMENTS = YES;
				CLANG_WARN_EMPTY_BODY = YES;
				CLANG_WARN_ENUM_CONVERSION = YES;
				CLANG_WARN_INFINITE_RECURSION = YES;
				CLANG_WARN_INT_CONVERSION = YES;
				CLANG_WARN_NON_LITERAL_NULL_CONVERSION = YES;
				CLANG_WARN_OBJC_IMPLICIT_RETAIN_SELF = YES;
				CLANG_WARN_OBJC_LITERAL_CONVERSION = YES;
				CLANG_WARN_OBJC_ROOT_CLASS = YES_ERROR;
				CLANG_WARN_QUOTED_INCLUDE_IN_FRAMEWORK_HEADER = YES;
				CLANG_WARN_RANGE_LOOP_ANALYSIS = YES;
				CLANG_WARN_STRICT_PROTOTYPES = YES;
				CLANG_WARN_SUSPICIOUS_MOVE = YES;
				CLANG_WARN_UNGUARDED_AVAILABILITY = YES_AGGRESSIVE;
				CLANG_WARN_UNREACHABLE_CODE = YES;
				CLANG_WARN__DUPLICATE_METHOD_MATCH = YES;
				COPY_PHASE_STRIP = NO;
				DEBUG_INFORMATION_FORMAT = "dwarf-with-dsym";
				DEVELOPMENT_TEAM = 894UP99QHD;
				ENABLE_NS_ASSERTIONS = NO;
				ENABLE_STRICT_OBJC_MSGSEND = YES;
				ENABLE_USER_SCRIPT_SANDBOXING = YES;
				GCC_C_LANGUAGE_STANDARD = gnu17;
				GCC_NO_COMMON_BLOCKS = YES;
				GCC_WARN_64_TO_32_BIT_CONVERSION = YES;
				GCC_WARN_ABOUT_RETURN_TYPE = YES_ERROR;
				GCC_WARN_UNDECLARED_SELECTOR = YES;
				GCC_WARN_UNINITIALIZED_AUTOS = YES_AGGRESSIVE;
				GCC_WARN_UNUSED_FUNCTION = YES;
				GCC_WARN_UNUSED_VARIABLE = YES;
				IPHONEOS_DEPLOYMENT_TARGET = 17.7;
				LOCALIZATION_PREFERS_STRING_CATALOGS = YES;
				MTL_ENABLE_DEBUG_INFO = NO;
				MTL_FAST_MATH = YES;
				SDKROOT = iphoneos;
				SWIFT_COMPILATION_MODE = wholemodule;
				VALIDATE_PRODUCT = YES;
			};
			name = Release;
		};
		764B95ED2E5F54990054DB00 /* Debug */ = {
			isa = XCBuildConfiguration;
			buildSettings = {
				BUNDLE_LOADER = "$(TEST_HOST)";
				CODE_SIGN_STYLE = Automatic;
				CURRENT_PROJECT_VERSION = 1;
				DEVELOPMENT_TEAM = 894UP99QHD;
				GENERATE_INFOPLIST_FILE = YES;
				IPHONEOS_DEPLOYMENT_TARGET = 17.7;
				MARKETING_VERSION = 1.0;
				PRODUCT_BUNDLE_IDENTIFIER = de.corro.KickbasehelperTests;
				PRODUCT_NAME = "$(TARGET_NAME)";
				SWIFT_EMIT_LOC_STRINGS = NO;
				SWIFT_VERSION = 5.0;
				TARGETED_DEVICE_FAMILY = "1,2";
				TEST_HOST = "$(BUILT_PRODUCTS_DIR)/Kickbasehelper.app/$(BUNDLE_EXECUTABLE_FOLDER_PATH)/Kickbasehelper";
			};
			name = Debug;
		};
		764B95EE2E5F54990054DB00 /* Release */ = {
			isa = XCBuildConfiguration;
			buildSettings = {
				BUNDLE_LOADER = "$(TEST_HOST)";
				CODE_SIGN_STYLE = Automatic;
				CURRENT_PROJECT_VERSION = 1;
				DEVELOPMENT_TEAM = 894UP99QHD;
				GENERATE_INFOPLIST_FILE = YES;
				IPHONEOS_DEPLOYMENT_TARGET = 17.7;
				MARKETING_VERSION = 1.0;
				PRODUCT_BUNDLE_IDENTIFIER = de.corro.KickbasehelperTests;
				PRODUCT_NAME = "$(TARGET_NAME)";
				SWIFT_EMIT_LOC_STRINGS = NO;
				SWIFT_VERSION = 5.0;
				TARGETED_DEVICE_FAMILY = "1,2";
				TEST_HOST = "$(BUILT_PRODUCTS_DIR)/Kickbasehelper.app/$(BUNDLE_EXECUTABLE_FOLDER_PATH)/Kickbasehelper";
			};
			name = Release;
		};
		764B95F02E5F54990054DB00 /* Debug */ = {
			isa = XCBuildConfiguration;
			buildSettings = {
				CODE_SIGN_STYLE = Automatic;
				CURRENT_PROJECT_VERSION = 1;
				DEVELOPMENT_TEAM = 894UP99QHD;
				GENERATE_INFOPLIST_FILE = YES;
				MARKETING_VERSION = 1.0;
				PRODUCT_BUNDLE_IDENTIFIER = de.corro.KickbasehelperUITests;
				PRODUCT_NAME = "$(TARGET_NAME)";
				SWIFT_EMIT_LOC_STRINGS = NO;
				SWIFT_VERSION = 5.0;
				TARGETED_DEVICE_FAMILY = "1,2";
				TEST_TARGET_NAME = Kickbasehelper;
			};
			name = Debug;
		};
		764B95F12E5F54990054DB00 /* Release */ = {
			isa = XCBuildConfiguration;
			buildSettings = {
				CODE_SIGN_STYLE = Automatic;
				CURRENT_PROJECT_VERSION = 1;
				DEVELOPMENT_TEAM = 894UP99QHD;
				GENERATE_INFOPLIST_FILE = YES;
				MARKETING_VERSION = 1.0;
				PRODUCT_BUNDLE_IDENTIFIER = de.corro.KickbasehelperUITests;
				PRODUCT_NAME = "$(TARGET_NAME)";
				SWIFT_EMIT_LOC_STRINGS = NO;
				SWIFT_VERSION = 5.0;
				TARGETED_DEVICE_FAMILY = "1,2";
				TEST_TARGET_NAME = Kickbasehelper;
			};
			name = Release;
		};
/* End XCBuildConfiguration section */

/* Begin XCConfigurationList section */
		764B95BE2E5F54970054DB00 /* Build configuration list for PBXProject "Kickbasehelper" */ = {
			isa = XCConfigurationList;
			buildConfigurations = (
				764B95EA2E5F54980054DB00 /* Debug */,
				764B95EB2E5F54980054DB00 /* Release */,
			);
			defaultConfigurationIsVisible = 0;
			defaultConfigurationName = Release;
		};
		764B95E72E5F54980054DB00 /* Build configuration list for PBXNativeTarget "Kickbasehelper" */ = {
			isa = XCConfigurationList;
			buildConfigurations = (
				764B95E82E5F54980054DB00 /* Debug */,
				764B95E92E5F54980054DB00 /* Release */,
			);
			defaultConfigurationIsVisible = 0;
			defaultConfigurationName = Release;
		};
		764B95EC2E5F54990054DB00 /* Build configuration list for PBXNativeTarget "KickbasehelperTests" */ = {
			isa = XCConfigurationList;
			buildConfigurations = (
				764B95ED2E5F54990054DB00 /* Debug */,
				764B95EE2E5F54990054DB00 /* Release */,
			);
			defaultConfigurationIsVisible = 0;
			defaultConfigurationName = Release;
		};
		764B95EF2E5F54990054DB00 /* Build configuration list for PBXNativeTarget "KickbasehelperUITests" */ = {
			isa = XCConfigurationList;
			buildConfigurations = (
				764B95F02E5F54990054DB00 /* Debug */,
				764B95F12E5F54990054DB00 /* Release */,
			);
			defaultConfigurationIsVisible = 0;
			defaultConfigurationName = Release;
		};
/* End XCConfigurationList section */

/* Begin XCSwiftPackageProductDependency section */
		76CC31512F21355D00F1507F /* KickbaseCore */ = {
			isa = XCSwiftPackageProductDependency;
			productName = KickbaseCore;
		};
/* End XCSwiftPackageProductDependency section */
	};
	rootObject = 764B95BB2E5F54970054DB00 /* Project object */;
}
